// !$*UTF8*$!
{
	archiveVersion = 1;
	classes = {
	};
	objectVersion = 51;
	objects = {

/* Begin PBXBuildFile section */
		3F3215E2810B40C262DE5C7E /* Pods_SaturNotes.framework in Frameworks */ = {isa = PBXBuildFile; fileRef = 646D048E0B4E9D39822DC7EB /* Pods_SaturNotes.framework */; };
		EB29AA4024CE0D8D0059F3CA /* UIImageExtension.swift in Sources */ = {isa = PBXBuildFile; fileRef = EB29AA3F24CE0D8D0059F3CA /* UIImageExtension.swift */; };
		EB29AA4224CE1F430059F3CA /* Utilities.swift in Sources */ = {isa = PBXBuildFile; fileRef = EB29AA4124CE1F430059F3CA /* Utilities.swift */; };
		EB7AAC2824CB915400A74F18 /* AppDelegate.swift in Sources */ = {isa = PBXBuildFile; fileRef = EB7AAC2724CB915400A74F18 /* AppDelegate.swift */; };
		EB7AAC2A24CB915400A74F18 /* SceneDelegate.swift in Sources */ = {isa = PBXBuildFile; fileRef = EB7AAC2924CB915400A74F18 /* SceneDelegate.swift */; };
		EB7AAC2C24CB915400A74F18 /* NoteIndexViewController.swift in Sources */ = {isa = PBXBuildFile; fileRef = EB7AAC2B24CB915400A74F18 /* NoteIndexViewController.swift */; };
		EB7AAC2F24CB915400A74F18 /* Main.storyboard in Resources */ = {isa = PBXBuildFile; fileRef = EB7AAC2D24CB915400A74F18 /* Main.storyboard */; };
		EB7AAC3124CB915500A74F18 /* Assets.xcassets in Resources */ = {isa = PBXBuildFile; fileRef = EB7AAC3024CB915500A74F18 /* Assets.xcassets */; };
		EB7AAC3424CB915500A74F18 /* LaunchScreen.storyboard in Resources */ = {isa = PBXBuildFile; fileRef = EB7AAC3224CB915500A74F18 /* LaunchScreen.storyboard */; };
		EB7AAC3C24CB925500A74F18 /* NoteEditorViewController.swift in Sources */ = {isa = PBXBuildFile; fileRef = EB7AAC3B24CB925500A74F18 /* NoteEditorViewController.swift */; };
		EB7AAC4224CB946B00A74F18 /* SaturnNoteWebService.swift in Sources */ = {isa = PBXBuildFile; fileRef = EB7AAC4124CB946B00A74F18 /* SaturnNoteWebService.swift */; };
		EB7AAC4524CB994800A74F18 /* Constants.swift in Sources */ = {isa = PBXBuildFile; fileRef = EB7AAC4424CB994800A74F18 /* Constants.swift */; };
		EB7AAC4724CB9A4000A74F18 /* NoteIndexViewModel.swift in Sources */ = {isa = PBXBuildFile; fileRef = EB7AAC4624CB9A4000A74F18 /* NoteIndexViewModel.swift */; };
		EB7AAC4924CB9A4A00A74F18 /* NoteEditorViewModel.swift in Sources */ = {isa = PBXBuildFile; fileRef = EB7AAC4824CB9A4A00A74F18 /* NoteEditorViewModel.swift */; };
		EB7AAC4C24CB9A6300A74F18 /* Note.swift in Sources */ = {isa = PBXBuildFile; fileRef = EB7AAC4B24CB9A6300A74F18 /* Note.swift */; };
		EB7AAC5024CB9EE600A74F18 /* CellViewModel.swift in Sources */ = {isa = PBXBuildFile; fileRef = EB7AAC4F24CB9EE600A74F18 /* CellViewModel.swift */; };
		EB7AAC5224CB9F4400A74F18 /* ConfigurableCell.swift in Sources */ = {isa = PBXBuildFile; fileRef = EB7AAC5124CB9F4400A74F18 /* ConfigurableCell.swift */; };
		EB7AAC5424CB9F9400A74F18 /* NoteCellView.swift in Sources */ = {isa = PBXBuildFile; fileRef = EB7AAC5324CB9F9400A74F18 /* NoteCellView.swift */; };
		EB7AAC5624CBA51D00A74F18 /* NoteCellViewModel.swift in Sources */ = {isa = PBXBuildFile; fileRef = EB7AAC5524CBA51D00A74F18 /* NoteCellViewModel.swift */; };
		EBBB402D24CCB8DD004B4E6A /* NoteImage.swift in Sources */ = {isa = PBXBuildFile; fileRef = EBBB402C24CCB8DD004B4E6A /* NoteImage.swift */; };
/* End PBXBuildFile section */

/* Begin PBXFileReference section */
		646D048E0B4E9D39822DC7EB /* Pods_SaturNotes.framework */ = {isa = PBXFileReference; explicitFileType = wrapper.framework; includeInIndex = 0; path = Pods_SaturNotes.framework; sourceTree = BUILT_PRODUCTS_DIR; };
		B798F987ED6C8702C5F50A86 /* Pods-SaturNotes.release.xcconfig */ = {isa = PBXFileReference; includeInIndex = 1; lastKnownFileType = text.xcconfig; name = "Pods-SaturNotes.release.xcconfig"; path = "Target Support Files/Pods-SaturNotes/Pods-SaturNotes.release.xcconfig"; sourceTree = "<group>"; };
		EB29AA3F24CE0D8D0059F3CA /* UIImageExtension.swift */ = {isa = PBXFileReference; lastKnownFileType = sourcecode.swift; path = UIImageExtension.swift; sourceTree = "<group>"; };
		EB29AA4124CE1F430059F3CA /* Utilities.swift */ = {isa = PBXFileReference; lastKnownFileType = sourcecode.swift; path = Utilities.swift; sourceTree = "<group>"; };
		EB7AAC2424CB915400A74F18 /* SaturNotes.app */ = {isa = PBXFileReference; explicitFileType = wrapper.application; includeInIndex = 0; path = SaturNotes.app; sourceTree = BUILT_PRODUCTS_DIR; };
		EB7AAC2724CB915400A74F18 /* AppDelegate.swift */ = {isa = PBXFileReference; lastKnownFileType = sourcecode.swift; path = AppDelegate.swift; sourceTree = "<group>"; };
		EB7AAC2924CB915400A74F18 /* SceneDelegate.swift */ = {isa = PBXFileReference; lastKnownFileType = sourcecode.swift; path = SceneDelegate.swift; sourceTree = "<group>"; };
		EB7AAC2B24CB915400A74F18 /* NoteIndexViewController.swift */ = {isa = PBXFileReference; lastKnownFileType = sourcecode.swift; path = NoteIndexViewController.swift; sourceTree = "<group>"; };
		EB7AAC2E24CB915400A74F18 /* Base */ = {isa = PBXFileReference; lastKnownFileType = file.storyboard; name = Base; path = Base.lproj/Main.storyboard; sourceTree = "<group>"; };
		EB7AAC3024CB915500A74F18 /* Assets.xcassets */ = {isa = PBXFileReference; lastKnownFileType = folder.assetcatalog; path = Assets.xcassets; sourceTree = "<group>"; };
		EB7AAC3324CB915500A74F18 /* Base */ = {isa = PBXFileReference; lastKnownFileType = file.storyboard; name = Base; path = Base.lproj/LaunchScreen.storyboard; sourceTree = "<group>"; };
		EB7AAC3524CB915500A74F18 /* Info.plist */ = {isa = PBXFileReference; lastKnownFileType = text.plist.xml; path = Info.plist; sourceTree = "<group>"; };
		EB7AAC3B24CB925500A74F18 /* NoteEditorViewController.swift */ = {isa = PBXFileReference; lastKnownFileType = sourcecode.swift; path = NoteEditorViewController.swift; sourceTree = "<group>"; };
		EB7AAC4124CB946B00A74F18 /* SaturnNoteWebService.swift */ = {isa = PBXFileReference; lastKnownFileType = sourcecode.swift; path = SaturnNoteWebService.swift; sourceTree = "<group>"; };
		EB7AAC4424CB994800A74F18 /* Constants.swift */ = {isa = PBXFileReference; lastKnownFileType = sourcecode.swift; path = Constants.swift; sourceTree = "<group>"; };
		EB7AAC4624CB9A4000A74F18 /* NoteIndexViewModel.swift */ = {isa = PBXFileReference; lastKnownFileType = sourcecode.swift; path = NoteIndexViewModel.swift; sourceTree = "<group>"; };
		EB7AAC4824CB9A4A00A74F18 /* NoteEditorViewModel.swift */ = {isa = PBXFileReference; lastKnownFileType = sourcecode.swift; path = NoteEditorViewModel.swift; sourceTree = "<group>"; };
		EB7AAC4B24CB9A6300A74F18 /* Note.swift */ = {isa = PBXFileReference; lastKnownFileType = sourcecode.swift; path = Note.swift; sourceTree = "<group>"; };
		EB7AAC4F24CB9EE600A74F18 /* CellViewModel.swift */ = {isa = PBXFileReference; lastKnownFileType = sourcecode.swift; path = CellViewModel.swift; sourceTree = "<group>"; };
		EB7AAC5124CB9F4400A74F18 /* ConfigurableCell.swift */ = {isa = PBXFileReference; lastKnownFileType = sourcecode.swift; path = ConfigurableCell.swift; sourceTree = "<group>"; };
		EB7AAC5324CB9F9400A74F18 /* NoteCellView.swift */ = {isa = PBXFileReference; lastKnownFileType = sourcecode.swift; path = NoteCellView.swift; sourceTree = "<group>"; };
		EB7AAC5524CBA51D00A74F18 /* NoteCellViewModel.swift */ = {isa = PBXFileReference; lastKnownFileType = sourcecode.swift; path = NoteCellViewModel.swift; sourceTree = "<group>"; };
		EBBB402C24CCB8DD004B4E6A /* NoteImage.swift */ = {isa = PBXFileReference; lastKnownFileType = sourcecode.swift; path = NoteImage.swift; sourceTree = "<group>"; };
		ED0806FFE8974011D0499CCF /* Pods-SaturNotes.debug.xcconfig */ = {isa = PBXFileReference; includeInIndex = 1; lastKnownFileType = text.xcconfig; name = "Pods-SaturNotes.debug.xcconfig"; path = "Target Support Files/Pods-SaturNotes/Pods-SaturNotes.debug.xcconfig"; sourceTree = "<group>"; };
/* End PBXFileReference section */

/* Begin PBXFrameworksBuildPhase section */
		EB7AAC2124CB915400A74F18 /* Frameworks */ = {
			isa = PBXFrameworksBuildPhase;
			buildActionMask = 2147483647;
			files = (
				3F3215E2810B40C262DE5C7E /* Pods_SaturNotes.framework in Frameworks */,
			);
			runOnlyForDeploymentPostprocessing = 0;
		};
/* End PBXFrameworksBuildPhase section */

/* Begin PBXGroup section */
		0EF8F14259245E0157B1C00B /* Frameworks */ = {
			isa = PBXGroup;
			children = (
				646D048E0B4E9D39822DC7EB /* Pods_SaturNotes.framework */,
			);
			name = Frameworks;
			sourceTree = "<group>";
		};
		5A0FDD6BEB1885D82C6C83BB /* Pods */ = {
			isa = PBXGroup;
			children = (
				ED0806FFE8974011D0499CCF /* Pods-SaturNotes.debug.xcconfig */,
				B798F987ED6C8702C5F50A86 /* Pods-SaturNotes.release.xcconfig */,
			);
			path = Pods;
			sourceTree = "<group>";
		};
		EB7AAC1B24CB915400A74F18 = {
			isa = PBXGroup;
			children = (
				EB7AAC2624CB915400A74F18 /* SaturNotes */,
				EB7AAC2524CB915400A74F18 /* Products */,
				5A0FDD6BEB1885D82C6C83BB /* Pods */,
				0EF8F14259245E0157B1C00B /* Frameworks */,
			);
			sourceTree = "<group>";
		};
		EB7AAC2524CB915400A74F18 /* Products */ = {
			isa = PBXGroup;
			children = (
				EB7AAC2424CB915400A74F18 /* SaturNotes.app */,
			);
			name = Products;
			sourceTree = "<group>";
		};
		EB7AAC2624CB915400A74F18 /* SaturNotes */ = {
			isa = PBXGroup;
			children = (
				EB7AAC3E24CB93A200A74F18 /* Core */,
				EB7AAC4A24CB9A5100A74F18 /* Models */,
				EB7AAC4024CB942600A74F18 /* Services */,
				EB7AAC4324CB993A00A74F18 /* Globals */,
				EB7AAC4E24CB9ED800A74F18 /* Utilities */,
				EB7AAC2724CB915400A74F18 /* AppDelegate.swift */,
				EB7AAC2924CB915400A74F18 /* SceneDelegate.swift */,
				EB7AAC3024CB915500A74F18 /* Assets.xcassets */,
				EB7AAC3224CB915500A74F18 /* LaunchScreen.storyboard */,
				EB7AAC3524CB915500A74F18 /* Info.plist */,
			);
			path = SaturNotes;
			sourceTree = "<group>";
		};
		EB7AAC3D24CB92DD00A74F18 /* Note Index */ = {
			isa = PBXGroup;
			children = (
				EB7AAC2B24CB915400A74F18 /* NoteIndexViewController.swift */,
				EB7AAC4624CB9A4000A74F18 /* NoteIndexViewModel.swift */,
				EB7AAC4D24CB9E9500A74F18 /* Cells */,
			);
			path = "Note Index";
			sourceTree = "<group>";
		};
		EB7AAC3E24CB93A200A74F18 /* Core */ = {
			isa = PBXGroup;
			children = (
				EB7AAC5724CBB85C00A74F18 /* Views */,
				EB7AAC3D24CB92DD00A74F18 /* Note Index */,
				EB7AAC3F24CB93B100A74F18 /* Note Editor */,
			);
			path = Core;
			sourceTree = "<group>";
		};
		EB7AAC3F24CB93B100A74F18 /* Note Editor */ = {
			isa = PBXGroup;
			children = (
				EB7AAC3B24CB925500A74F18 /* NoteEditorViewController.swift */,
				EB7AAC4824CB9A4A00A74F18 /* NoteEditorViewModel.swift */,
			);
			path = "Note Editor";
			sourceTree = "<group>";
		};
		EB7AAC4024CB942600A74F18 /* Services */ = {
			isa = PBXGroup;
			children = (
				EB7AAC4124CB946B00A74F18 /* SaturnNoteWebService.swift */,
			);
			path = Services;
			sourceTree = "<group>";
		};
		EB7AAC4324CB993A00A74F18 /* Globals */ = {
			isa = PBXGroup;
			children = (
				EB7AAC4424CB994800A74F18 /* Constants.swift */,
			);
			path = Globals;
			sourceTree = "<group>";
		};
		EB7AAC4A24CB9A5100A74F18 /* Models */ = {
			isa = PBXGroup;
			children = (
				EB7AAC4B24CB9A6300A74F18 /* Note.swift */,
				EBBB402C24CCB8DD004B4E6A /* NoteImage.swift */,
			);
			path = Models;
			sourceTree = "<group>";
		};
		EB7AAC4D24CB9E9500A74F18 /* Cells */ = {
			isa = PBXGroup;
			children = (
				EB7AAC5324CB9F9400A74F18 /* NoteCellView.swift */,
				EB7AAC5524CBA51D00A74F18 /* NoteCellViewModel.swift */,
			);
			path = Cells;
			sourceTree = "<group>";
		};
		EB7AAC4E24CB9ED800A74F18 /* Utilities */ = {
			isa = PBXGroup;
			children = (
				EB7AAC4F24CB9EE600A74F18 /* CellViewModel.swift */,
				EB7AAC5124CB9F4400A74F18 /* ConfigurableCell.swift */,
				EB29AA3F24CE0D8D0059F3CA /* UIImageExtension.swift */,
				EB29AA4124CE1F430059F3CA /* Utilities.swift */,
			);
			path = Utilities;
			sourceTree = "<group>";
		};
		EB7AAC5724CBB85C00A74F18 /* Views */ = {
			isa = PBXGroup;
			children = (
				EB7AAC2D24CB915400A74F18 /* Main.storyboard */,
			);
			path = Views;
			sourceTree = "<group>";
		};
/* End PBXGroup section */

/* Begin PBXNativeTarget section */
		EB7AAC2324CB915400A74F18 /* SaturNotes */ = {
			isa = PBXNativeTarget;
			buildConfigurationList = EB7AAC3824CB915500A74F18 /* Build configuration list for PBXNativeTarget "SaturNotes" */;
			buildPhases = (
				C2EC6C64D430A26BA45CB559 /* [CP] Check Pods Manifest.lock */,
				EB7AAC2024CB915400A74F18 /* Sources */,
				EB7AAC2124CB915400A74F18 /* Frameworks */,
				EB7AAC2224CB915400A74F18 /* Resources */,
				E9BAD97D7F1472F127C1308A /* [CP] Embed Pods Frameworks */,
			);
			buildRules = (
			);
			dependencies = (
			);
			name = SaturNotes;
			productName = SaturNotes;
			productReference = EB7AAC2424CB915400A74F18 /* SaturNotes.app */;
			productType = "com.apple.product-type.application";
		};
/* End PBXNativeTarget section */

/* Begin PBXProject section */
		EB7AAC1C24CB915400A74F18 /* Project object */ = {
			isa = PBXProject;
			attributes = {
				LastSwiftUpdateCheck = 1160;
				LastUpgradeCheck = 1160;
				ORGANIZATIONNAME = "Gaston Martin";
				TargetAttributes = {
					EB7AAC2324CB915400A74F18 = {
						CreatedOnToolsVersion = 11.6;
					};
				};
			};
			buildConfigurationList = EB7AAC1F24CB915400A74F18 /* Build configuration list for PBXProject "SaturNotes" */;
			compatibilityVersion = "Xcode 9.3";
			developmentRegion = en;
			hasScannedForEncodings = 0;
			knownRegions = (
				en,
				Base,
			);
			mainGroup = EB7AAC1B24CB915400A74F18;
			productRefGroup = EB7AAC2524CB915400A74F18 /* Products */;
			projectDirPath = "";
			projectRoot = "";
			targets = (
				EB7AAC2324CB915400A74F18 /* SaturNotes */,
			);
		};
/* End PBXProject section */

/* Begin PBXResourcesBuildPhase section */
		EB7AAC2224CB915400A74F18 /* Resources */ = {
			isa = PBXResourcesBuildPhase;
			buildActionMask = 2147483647;
			files = (
				EB7AAC3424CB915500A74F18 /* LaunchScreen.storyboard in Resources */,
				EB7AAC3124CB915500A74F18 /* Assets.xcassets in Resources */,
				EB7AAC2F24CB915400A74F18 /* Main.storyboard in Resources */,
			);
			runOnlyForDeploymentPostprocessing = 0;
		};
/* End PBXResourcesBuildPhase section */

/* Begin PBXShellScriptBuildPhase section */
		C2EC6C64D430A26BA45CB559 /* [CP] Check Pods Manifest.lock */ = {
			isa = PBXShellScriptBuildPhase;
			buildActionMask = 2147483647;
			files = (
			);
			inputFileListPaths = (
			);
			inputPaths = (
				"${PODS_PODFILE_DIR_PATH}/Podfile.lock",
				"${PODS_ROOT}/Manifest.lock",
			);
			name = "[CP] Check Pods Manifest.lock";
			outputFileListPaths = (
			);
			outputPaths = (
				"$(DERIVED_FILE_DIR)/Pods-SaturNotes-checkManifestLockResult.txt",
			);
			runOnlyForDeploymentPostprocessing = 0;
			shellPath = /bin/sh;
			shellScript = "diff \"${PODS_PODFILE_DIR_PATH}/Podfile.lock\" \"${PODS_ROOT}/Manifest.lock\" > /dev/null\nif [ $? != 0 ] ; then\n    # print error to STDERR\n    echo \"error: The sandbox is not in sync with the Podfile.lock. Run 'pod install' or update your CocoaPods installation.\" >&2\n    exit 1\nfi\n# This output is used by Xcode 'outputs' to avoid re-running this script phase.\necho \"SUCCESS\" > \"${SCRIPT_OUTPUT_FILE_0}\"\n";
			showEnvVarsInLog = 0;
		};
		E9BAD97D7F1472F127C1308A /* [CP] Embed Pods Frameworks */ = {
			isa = PBXShellScriptBuildPhase;
			buildActionMask = 2147483647;
			files = (
			);
			inputFileListPaths = (
				"${PODS_ROOT}/Target Support Files/Pods-SaturNotes/Pods-SaturNotes-frameworks-${CONFIGURATION}-input-files.xcfilelist",
			);
			name = "[CP] Embed Pods Frameworks";
			outputFileListPaths = (
				"${PODS_ROOT}/Target Support Files/Pods-SaturNotes/Pods-SaturNotes-frameworks-${CONFIGURATION}-output-files.xcfilelist",
			);
			runOnlyForDeploymentPostprocessing = 0;
			shellPath = /bin/sh;
			shellScript = "\"${PODS_ROOT}/Target Support Files/Pods-SaturNotes/Pods-SaturNotes-frameworks.sh\"\n";
			showEnvVarsInLog = 0;
		};
/* End PBXShellScriptBuildPhase section */

/* Begin PBXSourcesBuildPhase section */
		EB7AAC2024CB915400A74F18 /* Sources */ = {
			isa = PBXSourcesBuildPhase;
			buildActionMask = 2147483647;
			files = (
				EB7AAC5624CBA51D00A74F18 /* NoteCellViewModel.swift in Sources */,
				EB7AAC4724CB9A4000A74F18 /* NoteIndexViewModel.swift in Sources */,
				EB7AAC2C24CB915400A74F18 /* NoteIndexViewController.swift in Sources */,
				EB7AAC3C24CB925500A74F18 /* NoteEditorViewController.swift in Sources */,
				EB29AA4224CE1F430059F3CA /* Utilities.swift in Sources */,
				EB7AAC4224CB946B00A74F18 /* SaturnNoteWebService.swift in Sources */,
				EBBB402D24CCB8DD004B4E6A /* NoteImage.swift in Sources */,
				EB7AAC5424CB9F9400A74F18 /* NoteCellView.swift in Sources */,
				EB7AAC2824CB915400A74F18 /* AppDelegate.swift in Sources */,
				EB7AAC5024CB9EE600A74F18 /* CellViewModel.swift in Sources */,
				EB7AAC4C24CB9A6300A74F18 /* Note.swift in Sources */,
				EB29AA4024CE0D8D0059F3CA /* UIImageExtension.swift in Sources */,
				EB7AAC4924CB9A4A00A74F18 /* NoteEditorViewModel.swift in Sources */,
				EB7AAC2A24CB915400A74F18 /* SceneDelegate.swift in Sources */,
				EB7AAC4524CB994800A74F18 /* Constants.swift in Sources */,
				EB7AAC5224CB9F4400A74F18 /* ConfigurableCell.swift in Sources */,
			);
			runOnlyForDeploymentPostprocessing = 0;
		};
/* End PBXSourcesBuildPhase section */

/* Begin PBXVariantGroup section */
		EB7AAC2D24CB915400A74F18 /* Main.storyboard */ = {
			isa = PBXVariantGroup;
			children = (
				EB7AAC2E24CB915400A74F18 /* Base */,
			);
			name = Main.storyboard;
			sourceTree = "<group>";
		};
		EB7AAC3224CB915500A74F18 /* LaunchScreen.storyboard */ = {
			isa = PBXVariantGroup;
			children = (
				EB7AAC3324CB915500A74F18 /* Base */,
			);
			name = LaunchScreen.storyboard;
			sourceTree = "<group>";
		};
/* End PBXVariantGroup section */

/* Begin XCBuildConfiguration section */
		EB7AAC3624CB915500A74F18 /* Debug */ = {
			isa = XCBuildConfiguration;
			buildSettings = {
				ALWAYS_SEARCH_USER_PATHS = NO;
				CLANG_ANALYZER_NONNULL = YES;
				CLANG_ANALYZER_NUMBER_OBJECT_CONVERSION = YES_AGGRESSIVE;
				CLANG_CXX_LANGUAGE_STANDARD = "gnu++14";
				CLANG_CXX_LIBRARY = "libc++";
				CLANG_ENABLE_MODULES = YES;
				CLANG_ENABLE_OBJC_ARC = YES;
				CLANG_ENABLE_OBJC_WEAK = YES;
				CLANG_WARN_BLOCK_CAPTURE_AUTORELEASING = YES;
				CLANG_WARN_BOOL_CONVERSION = YES;
				CLANG_WARN_COMMA = YES;
				CLANG_WARN_CONSTANT_CONVERSION = YES;
				CLANG_WARN_DEPRECATED_OBJC_IMPLEMENTATIONS = YES;
				CLANG_WARN_DIRECT_OBJC_ISA_USAGE = YES_ERROR;
				CLANG_WARN_DOCUMENTATION_COMMENTS = YES;
				CLANG_WARN_EMPTY_BODY = YES;
				CLANG_WARN_ENUM_CONVERSION = YES;
				CLANG_WARN_INFINITE_RECURSION = YES;
				CLANG_WARN_INT_CONVERSION = YES;
				CLANG_WARN_NON_LITERAL_NULL_CONVERSION = YES;
				CLANG_WARN_OBJC_IMPLICIT_RETAIN_SELF = YES;
				CLANG_WARN_OBJC_LITERAL_CONVERSION = YES;
				CLANG_WARN_OBJC_ROOT_CLASS = YES_ERROR;
				CLANG_WARN_RANGE_LOOP_ANALYSIS = YES;
				CLANG_WARN_STRICT_PROTOTYPES = YES;
				CLANG_WARN_SUSPICIOUS_MOVE = YES;
				CLANG_WARN_UNGUARDED_AVAILABILITY = YES_AGGRESSIVE;
				CLANG_WARN_UNREACHABLE_CODE = YES;
				CLANG_WARN__DUPLICATE_METHOD_MATCH = YES;
				COPY_PHASE_STRIP = NO;
				DEBUG_INFORMATION_FORMAT = dwarf;
				ENABLE_STRICT_OBJC_MSGSEND = YES;
				ENABLE_TESTABILITY = YES;
				GCC_C_LANGUAGE_STANDARD = gnu11;
				GCC_DYNAMIC_NO_PIC = NO;
				GCC_NO_COMMON_BLOCKS = YES;
				GCC_OPTIMIZATION_LEVEL = 0;
				GCC_PREPROCESSOR_DEFINITIONS = (
					"DEBUG=1",
					"$(inherited)",
				);
				GCC_WARN_64_TO_32_BIT_CONVERSION = YES;
				GCC_WARN_ABOUT_RETURN_TYPE = YES_ERROR;
				GCC_WARN_UNDECLARED_SELECTOR = YES;
				GCC_WARN_UNINITIALIZED_AUTOS = YES_AGGRESSIVE;
				GCC_WARN_UNUSED_FUNCTION = YES;
				GCC_WARN_UNUSED_VARIABLE = YES;
				IPHONEOS_DEPLOYMENT_TARGET = 13.0;
				MTL_ENABLE_DEBUG_INFO = INCLUDE_SOURCE;
				MTL_FAST_MATH = YES;
				ONLY_ACTIVE_ARCH = YES;
				SDKROOT = iphoneos;
				SWIFT_ACTIVE_COMPILATION_CONDITIONS = DEBUG;
				SWIFT_OPTIMIZATION_LEVEL = "-Onone";
			};
			name = Debug;
		};
		EB7AAC3724CB915500A74F18 /* Release */ = {
			isa = XCBuildConfiguration;
			buildSettings = {
				ALWAYS_SEARCH_USER_PATHS = NO;
				CLANG_ANALYZER_NONNULL = YES;
				CLANG_ANALYZER_NUMBER_OBJECT_CONVERSION = YES_AGGRESSIVE;
				CLANG_CXX_LANGUAGE_STANDARD = "gnu++14";
				CLANG_CXX_LIBRARY = "libc++";
				CLANG_ENABLE_MODULES = YES;
				CLANG_ENABLE_OBJC_ARC = YES;
				CLANG_ENABLE_OBJC_WEAK = YES;
				CLANG_WARN_BLOCK_CAPTURE_AUTORELEASING = YES;
				CLANG_WARN_BOOL_CONVERSION = YES;
				CLANG_WARN_COMMA = YES;
				CLANG_WARN_CONSTANT_CONVERSION = YES;
				CLANG_WARN_DEPRECATED_OBJC_IMPLEMENTATIONS = YES;
				CLANG_WARN_DIRECT_OBJC_ISA_USAGE = YES_ERROR;
				CLANG_WARN_DOCUMENTATION_COMMENTS = YES;
				CLANG_WARN_EMPTY_BODY = YES;
				CLANG_WARN_ENUM_CONVERSION = YES;
				CLANG_WARN_INFINITE_RECURSION = YES;
				CLANG_WARN_INT_CONVERSION = YES;
				CLANG_WARN_NON_LITERAL_NULL_CONVERSION = YES;
				CLANG_WARN_OBJC_IMPLICIT_RETAIN_SELF = YES;
				CLANG_WARN_OBJC_LITERAL_CONVERSION = YES;
				CLANG_WARN_OBJC_ROOT_CLASS = YES_ERROR;
				CLANG_WARN_RANGE_LOOP_ANALYSIS = YES;
				CLANG_WARN_STRICT_PROTOTYPES = YES;
				CLANG_WARN_SUSPICIOUS_MOVE = YES;
				CLANG_WARN_UNGUARDED_AVAILABILITY = YES_AGGRESSIVE;
				CLANG_WARN_UNREACHABLE_CODE = YES;
				CLANG_WARN__DUPLICATE_METHOD_MATCH = YES;
				COPY_PHASE_STRIP = NO;
				DEBUG_INFORMATION_FORMAT = "dwarf-with-dsym";
				ENABLE_NS_ASSERTIONS = NO;
				ENABLE_STRICT_OBJC_MSGSEND = YES;
				GCC_C_LANGUAGE_STANDARD = gnu11;
				GCC_NO_COMMON_BLOCKS = YES;
				GCC_WARN_64_TO_32_BIT_CONVERSION = YES;
				GCC_WARN_ABOUT_RETURN_TYPE = YES_ERROR;
				GCC_WARN_UNDECLARED_SELECTOR = YES;
				GCC_WARN_UNINITIALIZED_AUTOS = YES_AGGRESSIVE;
				GCC_WARN_UNUSED_FUNCTION = YES;
				GCC_WARN_UNUSED_VARIABLE = YES;
				IPHONEOS_DEPLOYMENT_TARGET = 13.0;
				MTL_ENABLE_DEBUG_INFO = NO;
				MTL_FAST_MATH = YES;
				SDKROOT = iphoneos;
				SWIFT_COMPILATION_MODE = wholemodule;
				SWIFT_OPTIMIZATION_LEVEL = "-O";
				VALIDATE_PRODUCT = YES;
			};
			name = Release;
		};
		EB7AAC3924CB915500A74F18 /* Debug */ = {
			isa = XCBuildConfiguration;
			baseConfigurationReference = ED0806FFE8974011D0499CCF /* Pods-SaturNotes.debug.xcconfig */;
			buildSettings = {
				ASSETCATALOG_COMPILER_APPICON_NAME = AppIcon;
				CODE_SIGN_STYLE = Automatic;
				DEVELOPMENT_TEAM = "";
				INFOPLIST_FILE = SaturNotes/Info.plist;
				LD_RUNPATH_SEARCH_PATHS = (
					"$(inherited)",
					"@executable_path/Frameworks",
				);
				PRODUCT_BUNDLE_IDENTIFIER = com.gaston.SaturNotes;
				PRODUCT_NAME = "$(TARGET_NAME)";
				SWIFT_VERSION = 5.0;
				TARGETED_DEVICE_FAMILY = "1,2";
			};
			name = Debug;
		};
		EB7AAC3A24CB915500A74F18 /* Release */ = {
			isa = XCBuildConfiguration;
			baseConfigurationReference = B798F987ED6C8702C5F50A86 /* Pods-SaturNotes.release.xcconfig */;
			buildSettings = {
				ASSETCATALOG_COMPILER_APPICON_NAME = AppIcon;
				CODE_SIGN_STYLE = Automatic;
				DEVELOPMENT_TEAM = "";
				INFOPLIST_FILE = SaturNotes/Info.plist;
				LD_RUNPATH_SEARCH_PATHS = (
					"$(inherited)",
					"@executable_path/Frameworks",
				);
				PRODUCT_BUNDLE_IDENTIFIER = com.gaston.SaturNotes;
				PRODUCT_NAME = "$(TARGET_NAME)";
				SWIFT_VERSION = 5.0;
				TARGETED_DEVICE_FAMILY = "1,2";
			};
			name = Release;
		};
/* End XCBuildConfiguration section */

/* Begin XCConfigurationList section */
		EB7AAC1F24CB915400A74F18 /* Build configuration list for PBXProject "SaturNotes" */ = {
			isa = XCConfigurationList;
			buildConfigurations = (
				EB7AAC3624CB915500A74F18 /* Debug */,
				EB7AAC3724CB915500A74F18 /* Release */,
			);
			defaultConfigurationIsVisible = 0;
			defaultConfigurationName = Release;
		};
		EB7AAC3824CB915500A74F18 /* Build configuration list for PBXNativeTarget "SaturNotes" */ = {
			isa = XCConfigurationList;
			buildConfigurations = (
				EB7AAC3924CB915500A74F18 /* Debug */,
				EB7AAC3A24CB915500A74F18 /* Release */,
			);
			defaultConfigurationIsVisible = 0;
			defaultConfigurationName = Release;
		};
/* End XCConfigurationList section */
	};
	rootObject = EB7AAC1C24CB915400A74F18 /* Project object */;
}
